
Microsoft Visual Studio Solution File, Format Version 12.00
# Visual Studio Version 17
VisualStudioVersion = 17.2.32630.192
MinimumVisualStudioVersion = 10.0.40219.1
Project("{9A19103F-16F7-4668-BE54-9A1E7A4F7556}") = "AzureCosmosDbRepositoryLib", "lib\AzureCosmosDbRepositoryLib.csproj", "{18172E68-F05A-47DF-A6E2-BE1725FC05C2}"
EndProject
Project("{9A19103F-16F7-4668-BE54-9A1E7A4F7556}") = "AcceptanceTests", "test\AcceptanceTests.csproj", "{E7BFE8A1-792D-405E-BAB6-CE67AC6D1DAD}"
EndProject
Global
	GlobalSection(SolutionConfigurationPlatforms) = preSolution
		Debug|Any CPU = Debug|Any CPU
		Release|Any CPU = Release|Any CPU
	EndGlobalSection
	GlobalSection(ProjectConfigurationPlatforms) = postSolution
		{18172E68-F05A-47DF-A6E2-BE1725FC05C2}.Debug|Any CPU.ActiveCfg = Debug|Any CPU
		{18172E68-F05A-47DF-A6E2-BE1725FC05C2}.Debug|Any CPU.Build.0 = Debug|Any CPU
		{18172E68-F05A-47DF-A6E2-BE1725FC05C2}.Release|Any CPU.ActiveCfg = Release|Any CPU
		{18172E68-F05A-47DF-A6E2-BE1725FC05C2}.Release|Any CPU.Build.0 = Release|Any CPU
		{E7BFE8A1-792D-405E-BAB6-CE67AC6D1DAD}.Debug|Any CPU.ActiveCfg = Debug|Any CPU
		{E7BFE8A1-792D-405E-BAB6-CE67AC6D1DAD}.Debug|Any CPU.Build.0 = Debug|Any CPU
		{E7BFE8A1-792D-405E-BAB6-CE67AC6D1DAD}.Release|Any CPU.ActiveCfg = Release|Any CPU
		{E7BFE8A1-792D-405E-BAB6-CE67AC6D1DAD}.Release|Any CPU.Build.0 = Release|Any CPU
	EndGlobalSection
	GlobalSection(SolutionProperties) = preSolution
		HideSolutionNode = FALSE
	EndGlobalSection
	GlobalSection(ExtensibilityGlobals) = postSolution
		SolutionGuid = {1EE2DCB8-A46C-4DCA-80BC-ACAA868AABA4}
	EndGlobalSection
EndGlobal
